
Microsoft Visual Studio Solution File, Format Version 12.00
# Visual Studio Version 17
VisualStudioVersion = 17.0.31903.59
MinimumVisualStudioVersion = 10.0.40219.1
Project("{9A19103F-16F7-4668-BE54-9A1E7A4F7556}") = "TestExample", "TestExample\TestExample.csproj", "{ECECECB2-3294-4109-A83C-3A7BCC87D1B0}"
EndProject
Project("{9A19103F-16F7-4668-BE54-9A1E7A4F7556}") = "SampleWebApi", "SampleWebApi\SampleWebApi.csproj", "{00FFF9FD-A06B-4856-A828-EE44EA337C22}"
EndProject
Global
	GlobalSection(SolutionConfigurationPlatforms) = preSolution
		Debug|Any CPU = Debug|Any CPU
		Release|Any CPU = Release|Any CPU
	EndGlobalSection
	GlobalSection(ProjectConfigurationPlatforms) = postSolution
		{ECECECB2-3294-4109-A83C-3A7BCC87D1B0}.Debug|Any CPU.ActiveCfg = Debug|Any CPU
		{ECECECB2-3294-4109-A83C-3A7BCC87D1B0}.Debug|Any CPU.Build.0 = Debug|Any CPU
		{ECECECB2-3294-4109-A83C-3A7BCC87D1B0}.Release|Any CPU.ActiveCfg = Release|Any CPU
		{ECECECB2-3294-4109-A83C-3A7BCC87D1B0}.Release|Any CPU.Build.0 = Release|Any CPU
		{00FFF9FD-A06B-4856-A828-EE44EA337C22}.Debug|Any CPU.ActiveCfg = Debug|Any CPU
		{00FFF9FD-A06B-4856-A828-EE44EA337C22}.Debug|Any CPU.Build.0 = Debug|Any CPU
		{00FFF9FD-A06B-4856-A828-EE44EA337C22}.Release|Any CPU.ActiveCfg = Release|Any CPU
		{00FFF9FD-A06B-4856-A828-EE44EA337C22}.Release|Any CPU.Build.0 = Release|Any CPU
	EndGlobalSection
	GlobalSection(SolutionProperties) = preSolution
		HideSolutionNode = FALSE
	EndGlobalSection
	GlobalSection(ExtensibilityGlobals) = postSolution
		SolutionGuid = {F15D1133-E459-4F42-9F5B-713841200C86}
	EndGlobalSection
EndGlobal
